lockfileVersion: "9.0"

settings:
  autoInstallPeers: true
  excludeLinksFromLockfile: false

overrides:
  yjs: 13.6.27

importers:
  .:
    dependencies:
      y-indexeddb:
        specifier: ^9.0.12
        version: 9.0.12(yjs@13.6.27)
      yjs:
        specifier: 13.6.27
        version: 13.6.27

packages:
  isomorphic.js@0.2.5:
    resolution:
      {
        integrity: sha512-PIeMbHqMt4DnUP3MA/Flc0HElYjMXArsw1qwJZcm9sqR8mq3l8NYizFMty0pWwE/tzIGH3EKK5+jes5mAr85yw==,
      }

  lib0@0.2.114:
    resolution:
      {
        integrity: sha512-gcxmNFzA4hv8UYi8j43uPlQ7CGcyMJ2KQb5kZASw6SnAKAf10hK12i2fjrS3Cl/ugZa5Ui6WwIu1/6MIXiHttQ==,
      }
    engines: { node: ">=16" }
    hasBin: true

  y-indexeddb@9.0.12:
    resolution:
      {
        integrity: sha512-9oCFRSPPzBK7/w5vOkJBaVCQZKHXB/v6SIT+WYhnJxlEC61juqG0hBrAf+y3gmSMLFLwICNH9nQ53uscuse6Hg==,
      }
    engines: { node: ">=16.0.0", npm: ">=8.0.0" }
    peerDependencies:
      yjs: 13.6.27

  yjs@13.6.27:
    resolution:
      {
        integrity: sha512-OIDwaflOaq4wC6YlPBy2L6ceKeKuF7DeTxx+jPzv1FHn9tCZ0ZwSRnUBxD05E3yed46fv/FWJbvR+Ud7x0L7zw==,
      }
    engines: { node: ">=16.0.0", npm: ">=8.0.0" }

snapshots:
  isomorphic.js@0.2.5: {}

  lib0@0.2.114:
    dependencies:
      isomorphic.js: 0.2.5

  y-indexeddb@9.0.12(yjs@13.6.27):
    dependencies:
      lib0: 0.2.114
      yjs: 13.6.27

  yjs@13.6.27:
    dependencies:
      lib0: 0.2.114
