lockfileVersion: "9.0"

settings:
  autoInstallPeers: true
  excludeLinksFromLockfile: false

importers:
  .:
    dependencies:
      js-base64:
        specifier: ^3.7.8
        version: 3.7.8

packages:
  js-base64@3.7.8:
    resolution:
      {
        integrity: sha512-hNngCeKxIUQiEUN3GPJOkz4wF/YvdUdbNL9hsBcMQTkKzboD7T/q3OYOuuPZLUE6dBxSGpwhk5mwuDud7JVAow==,
      }

snapshots:
  js-base64@3.7.8: {}
